
Microsoft Visual Studio Solution File, Format Version 12.00
# Visual Studio 2012
Project("{FAE04EC0-301F-11D3-BF4B-00C04F79EFBC}") = "SqlWrapper", "SqlWrapper\SqlWrapper.csproj", "{D80F7684-C472-4A56-88B6-62689FE5171A}"
EndProject
Global
	GlobalSection(SolutionConfigurationPlatforms) = preSolution
		Debug|Any CPU = Debug|Any CPU
		Release|Any CPU = Release|Any CPU
	EndGlobalSection
	GlobalSection(ProjectConfigurationPlatforms) = postSolution
		{D80F7684-C472-4A56-88B6-62689FE5171A}.Debug|Any CPU.ActiveCfg = Debug|Any CPU
		{D80F7684-C472-4A56-88B6-62689FE5171A}.Debug|Any CPU.Build.0 = Debug|Any CPU
		{D80F7684-C472-4A56-88B6-62689FE5171A}.Release|Any CPU.ActiveCfg = Release|Any CPU
		{D80F7684-C472-4A56-88B6-62689FE5171A}.Release|Any CPU.Build.0 = Release|Any CPU
	EndGlobalSection
EndGlobal
